cloud.google.com/go v0.117.0 h1:Z5TNFfQxj7WG2FgOGX1ekC5RiXrYgms6QscOm32M/4s=
cloud.google.com/go v0.117.0/go.mod h1:ZbwhVTb1DBGt2Iwb3tNO6SEK4q+cplHZmLWH+DelYYc=
cloud.google.com/go/auth v0.13.0 h1:8Fu8TZy167JkW8Tj3q7dIkr2v4cndv41ouecJx0PAHs=
cloud.google.com/go/auth v0.13.0/go.mod h1:COOjD9gwfKNKz+IIduatIhYJQIc0mG3H102r/EMxX6Q=
cloud.google.com/go/auth/oauth2adapt v0.2.6 h1:V6a6XDu2lTwPZWOawrAa9HUK+DB2zfJyTuciBG5hFkU=
cloud.google.com/go/auth/oauth2adapt v0.2.6/go.mod h1:AlmsELtlEBnaNTL7jCj8VQFLy6mbZv0s4Q7NGBeQ5E8=
cloud.google.com/go/compute/metadata v0.6.0 h1:A6hENjEsCDtC1k8byVsgwvVcioamEHvZ4j01OwKxG9I=
cloud.google.com/go/compute/metadata v0.6.0/go.mod h1:FjyFAW1MW0C203CEOMDTu3Dk1FlqW3Rga40jzHL4hfg=
cloud.google.com/go/iam v1.2.2 h1:ozUSofHUGf/F4tCNy/mu9tHLTaxZFLOUiKzjcgWHGIA=
cloud.google.com/go/iam v1.2.2/go.mod h1:0Ys8ccaZHdI1dEUilwzqng/6ps2YB6vRsjIe00/+6JY=
cloud.google.com/go/logging v1.13.0 h1:7j0HgAp0B94o1YRDqiqm26w4q1rDMH7XNRU34lJXHYc=
cloud.google.com/go/logging v1.13.0/go.mod h1:36CoKh6KA/M0PbhPKMq6/qety2DCAErbhXT62TuXALA=
cloud.google.com/go/longrunning v0.6.2 h1:xjDfh1pQcWPEvnfjZmwjKQEcHnpz6lHjfy7Fo0MK+hc=
cloud.google.com/go/longrunning v0.6.2/go.mod h1:k/vIs83RN4bE3YCswdXC5PFfWVILjm3hpEUlSko4PiI=
code.cloudfoundry.org/clock v0.0.0-20180518195852-02e53af36e6c h1:5eeuG0BHx1+DHeT3AP+ISKZ2ht1UjGhm581ljqYpVeQ=
code.cloudfoundry.org/clock v0.0.0-20180518195852-02e53af36e6c/go.mod h1:QD9Lzhd/ux6eNQVUDVRJX/RKTigpewimNYBi7ivZKY8=
github.com/Azure/azure-sdk-for-go/sdk/azcore v1.18.2 h1:Hr5FTipp7SL07o2FvoVOX9HRiRH3CR3Mj8pxqCcdD5A=
github.com/Azure/azure-sdk-for-go/sdk/azcore v1.18.2/go.mod h1:QyVsSSN64v5TGltphKLQ2sQxe4OBQg0J1eKRcVBnfgE=
github.com/Azure/azure-sdk-for-go/sdk/azidentity v1.11.0 h1:MhRfI58HblXzCtWEZCO0feHs8LweePB3s90r7WaR1KU=
github.com/Azure/azure-sdk-for-go/sdk/azidentity v1.11.0/go.mod h1:okZ+ZURbArNdlJ+ptXoyHNuOETzOl1Oww19rm8I2WLA=
github.com/Azure/azure-sdk-for-go/sdk/azidentity/cache v0.3.2 h1:yz1bePFlP5Vws5+8ez6T3HWXPmwOK7Yvq8QxDBD3SKY=
github.com/Azure/azure-sdk-for-go/sdk/azidentity/cache v0.3.2/go.mod h1:Pa9ZNPuoNu/GztvBSKk9J1cDJW6vk/n0zLtV4mgd8N8=
github.com/Azure/azure-sdk-for-go/sdk/internal v1.11.2 h1:9iefClla7iYpfYWdzPCRDozdmndjTm8DXdpCzPajMgA=
github.com/Azure/azure-sdk-for-go/sdk/internal v1.11.2/go.mod h1:XtLgD3ZD34DAaVIIAyG3objl5DynM3CQ/vMcbBNJZGI=
github.com/Azure/azure-sdk-for-go/sdk/security/keyvault/azsecrets v1.4.0 h1:/g8S6wk65vfC6m3FIxJ+i5QDyN9JWwXI8Hb0Img10hU=
github.com/Azure/azure-sdk-for-go/sdk/security/keyvault/azsecrets v1.4.0/go.mod h1:gpl+q95AzZlKVI3xSoseF9QPrypk0hQqBiJYeB/cR/I=
github.com/Azure/azure-sdk-for-go/sdk/security/keyvault/internal v1.2.0 h1:nCYfgcSyHZXJI8J0IWE5MsCGlb2xp9fJiXyxWgmOFg4=
github.com/Azure/azure-sdk-for-go/sdk/security/keyvault/internal v1.2.0/go.mod h1:ucUjca2JtSZboY8IoUqyQyuuXvwbMBVwFOm0vdQPNhA=
github.com/AzureAD/microsoft-authentication-extensions-for-go/cache v0.1.1 h1:WJTmL004Abzc5wDB5VtZG2PJk5ndYDgVacGqfirKxjM=
github.com/AzureAD/microsoft-authentication-extensions-for-go/cache v0.1.1/go.mod h1:tCcJZ0uHAmvjsVYzEFivsRTN00oz5BEsRgQHu5JZ9WE=
github.com/AzureAD/microsoft-authentication-library-for-go v1.4.2 h1:oygO0locgZJe7PpYPXT5A29ZkwJaPqcva7BVeemZOZs=
github.com/AzureAD/microsoft-authentication-library-for-go v1.4.2/go.mod h1:wP83P5OoQ5p6ip3ScPr0BAq0BvuPAvacpEuSzyouqAI=
github.com/andybalholm/brotli v1.2.0 h1:ukwgCxwYrmACq68yiUqwIWnGY0cTPox/M94sVwToPjQ=
github.com/andybalholm/brotli v1.2.0/go.mod h1:rzTDkvFWvIrjDXZHkuS16NPggd91W3kUSvPlQ1pLaKY=
github.com/davecgh/go-spew v1.1.0/go.mod h1:J7Y8YcW2NihsgmVo/mv3lAwl/skON4iLHjSsI+c5H38=
github.com/davecgh/go-spew v1.1.1 h1:vj9j/u1bqnvCEfJOwUhtlOARqs3+rkHYY13jYWTU97c=
github.com/davecgh/go-spew v1.1.1/go.mod h1:J7Y8YcW2NihsgmVo/mv3lAwl/skON4iLHjSsI+c5H38=
github.com/felixge/httpsnoop v1.0.4 h1:NFTV2Zj1bL4mc9sqWACXbQFVBBg2W3GPvqp8/ESS2Wg=
github.com/felixge/httpsnoop v1.0.4/go.mod h1:m8KPJKqk1gH5J9DgRY2ASl2lWCfGKXixSwevea8zH2U=
github.com/fsnotify/fsnotify v1.4.7/go.mod h1:jwhsz4b93w/PPRr/qN1Yymfu8t87LnFCMoQvtojpjFo=
github.com/go-logr/logr v1.2.2/go.mod h1:jdQByPbusPIv2/zmleS9BjJVeZ6kBagPoEUsqbVz/1A=
github.com/go-logr/logr v1.4.3 h1:CjnDlHq8ikf6E492q6eKboGOC0T8CDaOvkHCIg8idEI=
github.com/go-logr/logr v1.4.3/go.mod h1:9T104GzyrTigFIr8wt5mBrctHMim0Nb2HLGrmQ40KvY=
github.com/go-logr/stdr v1.2.2 h1:hSWxHoqTgW2S2qGc0LTAI563KZ5YKYRhT3MFKZMbjag=
github.com/go-logr/stdr v1.2.2/go.mod h1:mMo/vtBO5dYbehREoey6XUKy/eSumjCCveDpRre4VKE=
github.com/gofiber/fiber/v2 v2.52.9 h1:YjKl5DOiyP3j0mO61u3NTmK7or8GzzWzCFzkboyP5cw=
github.com/gofiber/fiber/v2 v2.52.9/go.mod h1:YEcBbO/FB+5M1IZNBP9FO3J9281zgPAreiI1oqg8nDw=
github.com/gofrs/uuid v3.3.0+incompatible h1:8K4tyRfvU1CYPgJsveYFQMhpFd/wXNM7iK6rR7UHz84=
github.com/gofrs/uuid v3.3.0+incompatible/go.mod h1:b2aQJv3Z4Fp6yNu3cdSllBxTCLRxnplIgP/c0N/04lM=
github.com/golang-jwt/jwt/v5 v5.3.0 h1:pv4AsKCKKZuqlgs5sUmn4x8UlGa0kEVt/puTpKx9vvo=
github.com/golang-jwt/jwt/v5 v5.3.0/go.mod h1:fxCRLWMO43lRc8nhHWY6LGqRcf+1gQWArsqaEUEa5bE=
github.com/golang/groupcache v0.0.0-20210331224755-41bb18bfe9da h1:oI5xCqsCo564l8iNU+DwB5epxmsaqB+rhGL0m5jtYqE=
github.com/golang/groupcache v0.0.0-20210331224755-41bb18bfe9da/go.mod h1:cIg4eruTrX1D+g88fzRXU5OdNfaM+9IcxsU14FzY7Hc=
github.com/golang/protobuf v1.2.0/go.mod h1:6lQm79b+lXiMfvg/cZm0SGofjICqVBUtrP5yJMmIC1U=
github.com/google/go-cmp v0.7.0 h1:wk8382ETsv4JYUZwIsn6YpYiWiBsYLSJiTsyBybVuN8=
github.com/google/go-cmp v0.7.0/go.mod h1:pXiqmnSA92OHEEa9HXL2W4E7lf9JzCmGVUdgjX3N/iU=
github.com/google/s2a-go v0.1.8 h1:zZDs9gcbt9ZPLV0ndSyQk6Kacx2g/X+SKYovpnz3SMM=
github.com/google/s2a-go v0.1.8/go.mod h1:6iNWHTpQ+nfNRN5E00MSdfDwVesa8hhS32PhPO8deJA=
github.com/google/uuid v1.6.0 h1:NIvaJDMOsjHA8n1jAhLSgzrAzy1Hgr+hNrb57e+94F0=
github.com/google/uuid v1.6.0/go.mod h1:TIyPZe4MgqvfeYDBFedMoGGpEw/LqOeaOT+nhxU+yHo=
github.com/googleapis/enterprise-certificate-proxy v0.3.4 h1:XYIDZApgAnrN1c855gTgghdIA6Stxb52D5RnLI1SLyw=
github.com/googleapis/enterprise-certificate-proxy v0.3.4/go.mod h1:YKe7cfqYXjKGpGvmSg28/fFvhNzinZQm8DGnaburhGA=
github.com/googleapis/gax-go/v2 v2.14.0 h1:f+jMrjBPl+DL9nI4IQzLUxMq7XrAqFYB7hBPqMNIe8o=
github.com/googleapis/gax-go/v2 v2.14.0/go.mod h1:lhBCnjdLrWRaPvLWhmc8IS24m9mr07qSYnHncrgo+zk=
github.com/hpcloud/tail v1.0.0/go.mod h1:ab1qPbhIpdTxEkNHXyeSf5vhxWSCs/tWer42PpOxQnU=
github.com/jackc/pgpassfile v1.0.0 h1:/6Hmqy13Ss2zCq62VdNG8tM1wchn8zjSGOBJ6icpsIM=
github.com/jackc/pgpassfile v1.0.0/go.mod h1:CEx0iS5ambNFdcRtxPj5JhEz+xB6uRky5eyVu/W2HEg=
github.com/jackc/pgservicefile v0.0.0-20240606120523-5a60cdf6a761 h1:iCEnooe7UlwOQYpKFhBabPMi4aNAfoODPEFNiAnClxo=
github.com/jackc/pgservicefile v0.0.0-20240606120523-5a60cdf6a761/go.mod h1:5TJZWKEWniPve33vlWYSoGYefn3gLQRzjfDlhSJ9ZKM=
github.com/jackc/pgx/v5 v5.7.6 h1:rWQc5FwZSPX58r1OQmkuaNicxdmExaEz5A2DO2hUuTk=
github.com/jackc/pgx/v5 v5.7.6/go.mod h1:aruU7o91Tc2q2cFp5h4uP3f6ztExVpyVv88Xl/8Vl8M=
github.com/jackc/puddle/v2 v2.2.2 h1:PR8nw+E/1w0GLuRFSmiioY6UooMp6KJv0/61nB7icHo=
github.com/jackc/puddle/v2 v2.2.2/go.mod h1:vriiEXHvEE654aYKXXjOvZM39qJ0q+azkZFrfEOc3H4=
github.com/keybase/go-keychain v0.0.1 h1:way+bWYa6lDppZoZcgMbYsvC7GxljxrskdNInRtuthU=
github.com/keybase/go-keychain v0.0.1/go.mod h1:PdEILRW3i9D8JcdM+FmY6RwkHGnhHxXwkPPMeUgOK1k=
github.com/klauspost/compress v1.18.0 h1:c/Cqfb0r+Yi+JtIEq73FWXVkRonBlf0CRNYc8Zttxdo=
github.com/klauspost/compress v1.18.0/go.mod h1:2Pp+KzxcywXVXMr50+X0Q/Lsb43OQHYWRCY2AiWywWQ=
github.com/kr/pretty v0.1.0/go.mod h1:dAy3ld7l9f0ibDNOQOHHMYYIIbhfbHSm3C4ZsoJORNo=
github.com/kr/pty v1.1.1/go.mod h1:pFQYn66WHrOpPYNljwOMqo10TkYh1fy3cYio2l3bCsQ=
github.com/kr/text v0.1.0/go.mod h1:4Jbv+DJW3UT/LiOwJeYQe1efqtUx/iVham/4vfdArNI=
github.com/kylelemons/godebug v1.1.0 h1:RPNrshWIDI6G2gRW9EHilWtl7Z6Sb1BR0xunSBf0SNc=
github.com/kylelemons/godebug v1.1.0/go.mod h1:9/0rRGxNHcop5bhtWyNeEfOS8JIWk580+fNqagV/RAw=
github.com/mattn/go-colorable v0.1.14 h1:9A9LHSqF/7dyVVX6g0U9cwm9pG3kP9gSzcuIPHPsaIE=
github.com/mattn/go-colorable v0.1.14/go.mod h1:6LmQG8QLFO4G5z1gPvYEzlUgJ2wF+stgPZH1UqBm1s8=
github.com/mattn/go-isatty v0.0.20 h1:xfD0iDuEKnDkl03q4limB+vH+GxLEtL/jb4xVJSWWEY=
github.com/mattn/go-isatty v0.0.20/go.mod h1:W+V8PltTTMOvKvAeJH7IuucS94S2C6jfK/D7dTCTo3Y=
github.com/mattn/go-runewidth v0.0.16 h1:E5ScNMtiwvlvB5paMFdw9p4kSQzbXFikJ5SQO6TULQc=
github.com/mattn/go-runewidth v0.0.16/go.mod h1:Jdepj2loyihRzMpdS35Xk/zdY8IAYHsh153qUoGf23w=
github.com/microsoft/ApplicationInsights-Go v0.4.4 h1:G4+H9WNs6ygSCe6sUyxRc2U81TI5Es90b2t/MwX5KqY=
github.com/microsoft/ApplicationInsights-Go v0.4.4/go.mod h1:fKRUseBqkw6bDiXTs3ESTiU/4YTIHsQS4W3fP2ieF4U=
github.com/onsi/ginkgo v1.6.0/go.mod h1:lLunBs/Ym6LB5Z9jYTR76FiuTmxDTDusOGeTQH+WWjE=
github.com/onsi/ginkgo v1.8.0/go.mod h1:lLunBs/Ym6LB5Z9jYTR76FiuTmxDTDusOGeTQH+WWjE=
github.com/onsi/gomega v1.5.0/go.mod h1:ex+gbHU/CVuBBDIJjb2X0qEXbFg53c61hWP/1CpauHY=
github.com/pkg/browser v0.0.0-20240102092130-5ac0b6a4141c h1:+mdjkGKdHQG3305AYmdv1U2eRNDiU2ErMBj1gwrq8eQ=
github.com/pkg/browser v0.0.0-20240102092130-5ac0b6a4141c/go.mod h1:7rwL4CYBLnjLxUqIJNnCWiEdr3bn6IUYi15bNlnbCCU=
github.com/pmezard/go-difflib v1.0.0 h1:4DBwDE0NGyQoBHbLQYPwSUPoCMWR5BEzIk/f1lZbAQM=
github.com/pmezard/go-difflib v1.0.0/go.mod h1:iKH77koFhYxTK1pcRnkKkqfTogsbg7gZNVY4sRDYZ/4=
github.com/rivo/uniseg v0.2.0/go.mod h1:J6wj4VEh+S6ZtnVlnTBMWIodfgj8LQOQFoIToxlJtxc=
github.com/rivo/uniseg v0.4.7 h1:WUdvkW8uEhrYfLC4ZzdpI2ztxP1I582+49Oc5Mq64VQ=
github.com/rivo/uniseg v0.4.7/go.mod h1:FN3SvrM+Zdj16jyLfmOkMNblXMcoc8DfTHruCPUcx88=
github.com/stretchr/objx v0.1.0/go.mod h1:HFkY916IF+rwdDfMAkV7OtwuqBVzrE8GR6GFx+wExME=
github.com/stretchr/testify v1.3.0/go.mod h1:M5WIy9Dh21IEIfnGCwXGc5bZfKNJtfHm1UVUgZn+9EI=
github.com/stretchr/testify v1.7.0/go.mod h1:6Fq8oRcR53rry900zMqJjRRixrwX3KX962/h/Wwjteg=
github.com/stretchr/testify v1.10.0 h1:Xv5erBjTwe/5IxqUQTdXv5kgmIvbHo3QQyRwhJsOfJA=
github.com/stretchr/testify v1.10.0/go.mod h1:r2ic/lqez/lEtzL7wO/rwa5dbSLXVDPFyf8C91i36aY=
github.com/tedsuo/ifrit v0.0.0-20180802180643-bea94bb476cc/go.mod h1:eyZnKCc955uh98WQvzOm0dgAeLnf2O0Rz0LPoC5ze+0=
github.com/valyala/bytebufferpool v1.0.0 h1:GqA5TC/0021Y/b9FG4Oi9Mr3q7XYx6KllzawFIhcdPw=
github.com/valyala/bytebufferpool v1.0.0/go.mod h1:6bBcMArwyJ5K/AmCkWv1jt77kVWyCJ6HpOuEn7z0Csc=
github.com/valyala/fasthttp v1.64.0 h1:QBygLLQmiAyiXuRhthf0tuRkqAFcrC42dckN2S+N3og=
github.com/valyala/fasthttp v1.64.0/go.mod h1:dGmFxwkWXSK0NbOSJuF7AMVzU+lkHz0wQVvVITv2UQA=
github.com/xyproto/randomstring v1.0.5 h1:YtlWPoRdgMu3NZtP45drfy1GKoojuR7hmRcnhZqKjWU=
github.com/xyproto/randomstring v1.0.5/go.mod h1:rgmS5DeNXLivK7YprL0pY+lTuhNQW3iGxZ18UQApw/E=
go.opencensus.io v0.24.0 h1:y73uSU6J157QMP2kn2r30vwW1A2W2WFwSCGnAVxeaD0=
go.opencensus.io v0.24.0/go.mod h1:vNK8G9p7aAivkbmorf4v+7Hgx+Zs0yY+0fOtgBfjQKo=
go.opentelemetry.io/auto/sdk v1.1.0 h1:cH53jehLUN6UFLY71z+NDOiNJqDdPRaXzTel0sJySYA=
go.opentelemetry.io/auto/sdk v1.1.0/go.mod h1:3wSPjt5PWp2RhlCcmmOial7AvC4DQqZb7a7wCow3W8A=
go.opentelemetry.io/contrib/instrumentation/google.golang.org/grpc/otelgrpc v0.54.0 h1:r6I7RJCN86bpD/FQwedZ0vSixDpwuWREjW9oRMsmqDc=
go.opentelemetry.io/contrib/instrumentation/google.golang.org/grpc/otelgrpc v0.54.0/go.mod h1:B9yO6b04uB80CzjedvewuqDhxJxi11s7/GtiGa8bAjI=
go.opentelemetry.io/contrib/instrumentation/net/http/otelhttp v0.54.0 h1:TT4fX+nBOA/+LUkobKGW1ydGcn+G3vRw9+g5HwCphpk=
go.opentelemetry.io/contrib/instrumentation/net/http/otelhttp v0.54.0/go.mod h1:L7UH0GbB0p47T4Rri3uHjbpCFYrVrwc1I25QhNPiGK8=
go.opentelemetry.io/otel v1.37.0 h1:9zhNfelUvx0KBfu/gb+ZgeAfAgtWrfHJZcAqFC228wQ=
go.opentelemetry.io/otel v1.37.0/go.mod h1:ehE/umFRLnuLa/vSccNq9oS1ErUlkkK71gMcN34UG8I=
go.opentelemetry.io/otel/metric v1.37.0 h1:mvwbQS5m0tbmqML4NqK+e3aDiO02vsf/WgbsdpcPoZE=
go.opentelemetry.io/otel/metric v1.37.0/go.mod h1:04wGrZurHYKOc+RKeye86GwKiTb9FKm1WHtO+4EVr2E=
go.opentelemetry.io/otel/sdk v1.29.0 h1:vkqKjk7gwhS8VaWb0POZKmIEDimRCMsopNYnriHyryo=
go.opentelemetry.io/otel/sdk v1.29.0/go.mod h1:pM8Dx5WKnvxLCb+8lG1PRNIDxu9g9b9g59Qr7hfAAok=
go.opentelemetry.io/otel/trace v1.37.0 h1:HLdcFNbRQBE2imdSEgm/kwqmQj1Or1l/7bW6mxVK7z4=
go.opentelemetry.io/otel/trace v1.37.0/go.mod h1:TlgrlQ+PtQO5XFerSPUYG0JSgGyryXewPGyayAWSBS0=
golang.org/x/crypto v0.41.0 h1:WKYxWedPGCTVVl5+WHSSrOBT0O8lx32+zxmHxijgXp4=
golang.org/x/crypto v0.41.0/go.mod h1:pO5AFd7FA68rFak7rOAGVuygIISepHftHnr8dr6+sUc=
golang.org/x/net v0.0.0-20180906233101-161cd47e91fd/go.mod h1:mL1N/T3taQHkDXs73rZJwtUhF3w3ftmwwsq0BUmARs4=
golang.org/x/net v0.43.0 h1:lat02VYK2j4aLzMzecihNvTlJNQUq316m2Mr9rnM6YE=
golang.org/x/net v0.43.0/go.mod h1:vhO1fvI4dGsIjh73sWfUVjj3N7CA9WkKJNQm2svM6Jg=
golang.org/x/oauth2 v0.24.0 h1:KTBBxWqUa0ykRPLtV69rRto9TLXcqYkeswu48x/gvNE=
golang.org/x/oauth2 v0.24.0/go.mod h1:XYTD2NtWslqkgxebSiOHnXEap4TF09sJSc7H1sXbhtI=
golang.org/x/sync v0.0.0-20180314180146-1d60e4601c6f/go.mod h1:RxMgew5VJxzue5/jJTE5uejpjVlOe/izrB70Jof72aM=
golang.org/x/sync v0.16.0 h1:ycBJEhp9p4vXvUZNszeOq0kGTPghopOL8q0fq3vstxw=
golang.org/x/sync v0.16.0/go.mod h1:1dzgHSNfp02xaA81J2MS99Qcpr2w7fw1gpm99rleRqA=
golang.org/x/sys v0.0.0-20180909124046-d0be0721c37e/go.mod h1:STP8DvDyc/dI5b8T5hshtkjS+E42TnysNCUPdjciGhY=
golang.org/x/sys v0.1.0/go.mod h1:oPkhp1MJrh7nUepCBck5+mAzfO9JrbApNNgaTdGDITg=
golang.org/x/sys v0.6.0/go.mod h1:oPkhp1MJrh7nUepCBck5+mAzfO9JrbApNNgaTdGDITg=
golang.org/x/sys v0.35.0 h1:vz1N37gP5bs89s7He8XuIYXpyY0+QlsKmzipCbUtyxI=
golang.org/x/sys v0.35.0/go.mod h1:BJP2sWEmIv4KK5OTEluFJCKSidICx8ciO85XgH3Ak8k=
golang.org/x/text v0.3.0/go.mod h1:NqM8EUOU14njkJ3fqMW+pc6Ldnwhi/IjpwHt7yyuwOQ=
golang.org/x/text v0.28.0 h1:rhazDwis8INMIwQ4tpjLDzUhx6RlXqZNPEM0huQojng=
golang.org/x/text v0.28.0/go.mod h1:U8nCwOR8jO/marOQ0QbDiOngZVEBB7MAiitBuMjXiNU=
golang.org/x/time v0.8.0 h1:9i3RxcPv3PZnitoVGMPDKZSq1xW1gK1Xy3ArNOGZfEg=
golang.org/x/time v0.8.0/go.mod h1:3BpzKBy/shNhVucY/MWOyx10tF3SFh9QdLuxbVysPQM=
google.golang.org/api v0.214.0 h1:h2Gkq07OYi6kusGOaT/9rnNljuXmqPnaig7WGPmKbwA=
google.golang.org/api v0.214.0/go.mod h1:bYPpLG8AyeMWwDU6NXoB00xC0DFkikVvd5MfwoxjLqE=
google.golang.org/genproto v0.0.0-20241118233622-e639e219e697 h1:ToEetK57OidYuqD4Q5w+vfEnPvPpuTwedCNVohYJfNk=
google.golang.org/genproto v0.0.0-20241118233622-e639e219e697/go.mod h1:JJrvXBWRZaFMxBufik1a4RpFw4HhgVtBBWQeQgUj2cc=
google.golang.org/genproto/googleapis/api v0.0.0-20241118233622-e639e219e697 h1:pgr/4QbFyktUv9CtQ/Fq4gzEE6/Xs7iCXbktaGzLHbQ=
google.golang.org/genproto/googleapis/api v0.0.0-20241118233622-e639e219e697/go.mod h1:+D9ySVjN8nY8YCVjc5O7PZDIdZporIDY3KaGfJunh88=
google.golang.org/genproto/googleapis/rpc v0.0.0-20241209162323-e6fa225c2576 h1:8ZmaLZE4XWrtU3MyClkYqqtl6Oegr3235h7jxsDyqCY=
google.golang.org/genproto/googleapis/rpc v0.0.0-20241209162323-e6fa225c2576/go.mod h1:5uTbfoYQed2U9p3KIj2/Zzm02PYhndfdmML0qC3q3FU=
google.golang.org/grpc v1.67.3 h1:OgPcDAFKHnH8X3O4WcO4XUc8GRDeKsKReqbQtiCj7N8=
google.golang.org/grpc v1.67.3/go.mod h1:YGaHCc6Oap+FzBJTZLBzkGSYt/cvGPFTPxkn7QfSU8s=
google.golang.org/protobuf v1.35.2 h1:8Ar7bF+apOIoThw1EdZl0p1oWvMqTHmpA2fRTyZO8io=
google.golang.org/protobuf v1.35.2/go.mod h1:9fA7Ob0pmnwhb644+1+CVWFRbNajQ6iRojtC/QF5bRE=
gopkg.in/check.v1 v0.0.0-20161208181325-20d25e280405/go.mod h1:Co6ibVJAznAaIkqp8huTwlJQCZ016jof/cbN4VW5Yz0=
gopkg.in/check.v1 v1.0.0-20180628173108-788fd7840127/go.mod h1:Co6ibVJAznAaIkqp8huTwlJQCZ016jof/cbN4VW5Yz0=
gopkg.in/fsnotify.v1 v1.4.7/go.mod h1:Tz8NjZHkW78fSQdbUxIjBTcgA1z1m8ZHf0WmKUhAMys=
gopkg.in/tomb.v1 v1.0.0-20141024135613-dd632973f1e7/go.mod h1:dt/ZhP58zS4L8KSrWDmTeBkI65Dw0HsyUHuEVlX15mw=
gopkg.in/yaml.v2 v2.2.1/go.mod h1:hI93XBmqTisBFMUTm0b8Fm+jr3Dg1NNxqwp+5A1VGuI=
gopkg.in/yaml.v3 v3.0.0-20200313102051-9f266ea9e77c/go.mod h1:K4uyk7z7BCEPqu6E+C64Yfv1cQ7kz7rIZviUmN+EgEM=
gopkg.in/yaml.v3 v3.0.1 h1:fxVm/GzAzEWqLHuvctI91KS9hhNmmWOoWu0XTYJS7CA=
gopkg.in/yaml.v3 v3.0.1/go.mod h1:K4uyk7z7BCEPqu6E+C64Yfv1cQ7kz7rIZviUmN+EgEM=
